Microsoft Visual Studio Solution File, Format Version 12.00
# Visual Studio Version 17
VisualStudioVersion = 17.5.2.0
MinimumVisualStudioVersion = 10.0.40219.1
Project("{FAE04EC0-301F-11D3-BF4B-00C04F79EFBC}") = "CarlAttack", "CarlAttack.csproj", "{702DA583-827F-46A1-7807-97F20D622293}"
EndProject
Global
	GlobalSection(SolutionConfigurationPlatforms) = preSolution
		Debug|Any CPU = Debug|Any CPU
		Release|Any CPU = Release|Any CPU
	EndGlobalSection
	GlobalSection(ProjectConfigurationPlatforms) = postSolution
		{702DA583-827F-46A1-7807-97F20D622293}.Debug|Any CPU.ActiveCfg = Debug|Any CPU
		{702DA583-827F-46A1-7807-97F20D622293}.Debug|Any CPU.Build.0 = Debug|Any CPU
		{702DA583-827F-46A1-7807-97F20D622293}.Release|Any CPU.ActiveCfg = Release|Any CPU
		{702DA583-827F-46A1-7807-97F20D622293}.Release|Any CPU.Build.0 = Release|Any CPU
	EndGlobalSection
	GlobalSection(SolutionProperties) = preSolution
		HideSolutionNode = FALSE
	EndGlobalSection
	GlobalSection(ExtensibilityGlobals) = postSolution
		SolutionGuid = {2B916772-73B0-41B9-99F9-3657C785E75F}
	EndGlobalSection
EndGlobal
